
Microsoft Visual Studio Solution File, Format Version 12.00
# Visual Studio Version 17
VisualStudioVersion = 17.0.31903.59
MinimumVisualStudioVersion = 10.0.40219.1
Project("{FAE04EC0-301F-11D3-BF4B-00C04F79EFBC}") = "Ping", "Ping.csproj", "{DD2B2043-66C8-4909-9598-88C13897C806}"
EndProject
Project("{2150E333-8FDC-42A3-9474-1A3956D46DE8}") = "Tests", "Tests", "{0AB3BF05-4346-4AA6-1389-037BE0695223}"
EndProject
Project("{FAE04EC0-301F-11D3-BF4B-00C04F79EFBC}") = "Ping.Tests", "Tests\Ping.Tests\Ping.Tests.csproj", "{9553A777-60FD-400A-B5E5-45FA8B5A915E}"
EndProject
Global
	GlobalSection(SolutionConfigurationPlatforms) = preSolution
		Debug|Any CPU = Debug|Any CPU
		Debug|x64 = Debug|x64
		Debug|x86 = Debug|x86
		Release|Any CPU = Release|Any CPU
		Release|x64 = Release|x64
		Release|x86 = Release|x86
	EndGlobalSection
	GlobalSection(ProjectConfigurationPlatforms) = postSolution
		{DD2B2043-66C8-4909-9598-88C13897C806}.Debug|Any CPU.ActiveCfg = Debug|Any CPU
		{DD2B2043-66C8-4909-9598-88C13897C806}.Debug|Any CPU.Build.0 = Debug|Any CPU
		{DD2B2043-66C8-4909-9598-88C13897C806}.Debug|x64.ActiveCfg = Debug|Any CPU
		{DD2B2043-66C8-4909-9598-88C13897C806}.Debug|x64.Build.0 = Debug|Any CPU
		{DD2B2043-66C8-4909-9598-88C13897C806}.Debug|x86.ActiveCfg = Debug|Any CPU
		{DD2B2043-66C8-4909-9598-88C13897C806}.Debug|x86.Build.0 = Debug|Any CPU
		{DD2B2043-66C8-4909-9598-88C13897C806}.Release|Any CPU.ActiveCfg = Release|Any CPU
		{DD2B2043-66C8-4909-9598-88C13897C806}.Release|Any CPU.Build.0 = Release|Any CPU
		{DD2B2043-66C8-4909-9598-88C13897C806}.Release|x64.ActiveCfg = Release|Any CPU
		{DD2B2043-66C8-4909-9598-88C13897C806}.Release|x64.Build.0 = Release|Any CPU
		{DD2B2043-66C8-4909-9598-88C13897C806}.Release|x86.ActiveCfg = Release|Any CPU
		{DD2B2043-66C8-4909-9598-88C13897C806}.Release|x86.Build.0 = Release|Any CPU
		{9553A777-60FD-400A-B5E5-45FA8B5A915E}.Debug|Any CPU.ActiveCfg = Debug|Any CPU
		{9553A777-60FD-400A-B5E5-45FA8B5A915E}.Debug|Any CPU.Build.0 = Debug|Any CPU
		{9553A777-60FD-400A-B5E5-45FA8B5A915E}.Debug|x64.ActiveCfg = Debug|Any CPU
		{9553A777-60FD-400A-B5E5-45FA8B5A915E}.Debug|x64.Build.0 = Debug|Any CPU
		{9553A777-60FD-400A-B5E5-45FA8B5A915E}.Debug|x86.ActiveCfg = Debug|Any CPU
		{9553A777-60FD-400A-B5E5-45FA8B5A915E}.Debug|x86.Build.0 = Debug|Any CPU
		{9553A777-60FD-400A-B5E5-45FA8B5A915E}.Release|Any CPU.ActiveCfg = Release|Any CPU
		{9553A777-60FD-400A-B5E5-45FA8B5A915E}.Release|Any CPU.Build.0 = Release|Any CPU
		{9553A777-60FD-400A-B5E5-45FA8B5A915E}.Release|x64.ActiveCfg = Release|Any CPU
		{9553A777-60FD-400A-B5E5-45FA8B5A915E}.Release|x64.Build.0 = Release|Any CPU
		{9553A777-60FD-400A-B5E5-45FA8B5A915E}.Release|x86.ActiveCfg = Release|Any CPU
		{9553A777-60FD-400A-B5E5-45FA8B5A915E}.Release|x86.Build.0 = Release|Any CPU
	EndGlobalSection
	GlobalSection(SolutionProperties) = preSolution
		HideSolutionNode = FALSE
	EndGlobalSection
	GlobalSection(NestedProjects) = preSolution
		{9553A777-60FD-400A-B5E5-45FA8B5A915E} = {0AB3BF05-4346-4AA6-1389-037BE0695223}
	EndGlobalSection
EndGlobal
